
Microsoft Visual Studio Solution File, Format Version 12.00
# Visual Studio 15
VisualStudioVersion = 15.0.26124.0
MinimumVisualStudioVersion = 15.0.26124.0
Project("{FAE04EC0-301F-11D3-BF4B-00C04F79EFBC}") = "EPAM.CoreWorkshop.ReportHelper", "EPAM.CoreWorkshop.ReportHelper\EPAM.CoreWorkshop.ReportHelper.csproj", "{EEB40E64-BFA1-4A49-9458-10AF455386B4}"
EndProject
Project("{FAE04EC0-301F-11D3-BF4B-00C04F79EFBC}") = "EPAM.CoreWorkshop.ReportHelper.Tests", "EPAM.CoreWorkshop.ReportHelper.Tests\EPAM.CoreWorkshop.ReportHelper.Tests.csproj", "{7D350D80-8D11-40DE-BC50-DC9FBF957864}"
EndProject
Project("{FAE04EC0-301F-11D3-BF4B-00C04F79EFBC}") = "EPAM.CoreWorkshop.TestConsoleApp", "EPAM.CoreWorkshop.TestConsoleApp\EPAM.CoreWorkshop.TestConsoleApp.csproj", "{60577FA6-92F4-434D-98B2-CDECABE2A750}"
EndProject
Project("{FAE04EC0-301F-11D3-BF4B-00C04F79EFBC}") = "EPAM.CoreWorkshop.NorthwindLib", "EPAM.CoreWorkshop.NorthwindLib\EPAM.CoreWorkshop.NorthwindLib.csproj", "{23F412EE-C47B-4E57-8631-99D169DA8CA0}"
EndProject
Project("{FAE04EC0-301F-11D3-BF4B-00C04F79EFBC}") = "EPAM.CoreWorkshop.NorthwindLib.Tests", "EPAM.CoreWorkshop.NorthwindLib.Tests\EPAM.CoreWorkshop.NorthwindLib.Tests.csproj", "{24435E78-03F3-4AA9-B74E-BE998FF1DDD8}"
EndProject
Global
	GlobalSection(SolutionConfigurationPlatforms) = preSolution
		Debug|Any CPU = Debug|Any CPU
		Debug|x64 = Debug|x64
		Debug|x86 = Debug|x86
		Release|Any CPU = Release|Any CPU
		Release|x64 = Release|x64
		Release|x86 = Release|x86
	EndGlobalSection
	GlobalSection(SolutionProperties) = preSolution
		HideSolutionNode = FALSE
	EndGlobalSection
	GlobalSection(ProjectConfigurationPlatforms) = postSolution
		{EEB40E64-BFA1-4A49-9458-10AF455386B4}.Debug|Any CPU.ActiveCfg = Debug|Any CPU
		{EEB40E64-BFA1-4A49-9458-10AF455386B4}.Debug|Any CPU.Build.0 = Debug|Any CPU
		{EEB40E64-BFA1-4A49-9458-10AF455386B4}.Debug|x64.ActiveCfg = Debug|Any CPU
		{EEB40E64-BFA1-4A49-9458-10AF455386B4}.Debug|x64.Build.0 = Debug|Any CPU
		{EEB40E64-BFA1-4A49-9458-10AF455386B4}.Debug|x86.ActiveCfg = Debug|Any CPU
		{EEB40E64-BFA1-4A49-9458-10AF455386B4}.Debug|x86.Build.0 = Debug|Any CPU
		{EEB40E64-BFA1-4A49-9458-10AF455386B4}.Release|Any CPU.ActiveCfg = Release|Any CPU
		{EEB40E64-BFA1-4A49-9458-10AF455386B4}.Release|Any CPU.Build.0 = Release|Any CPU
		{EEB40E64-BFA1-4A49-9458-10AF455386B4}.Release|x64.ActiveCfg = Release|Any CPU
		{EEB40E64-BFA1-4A49-9458-10AF455386B4}.Release|x64.Build.0 = Release|Any CPU
		{EEB40E64-BFA1-4A49-9458-10AF455386B4}.Release|x86.ActiveCfg = Release|Any CPU
		{EEB40E64-BFA1-4A49-9458-10AF455386B4}.Release|x86.Build.0 = Release|Any CPU
		{7D350D80-8D11-40DE-BC50-DC9FBF957864}.Debug|Any CPU.ActiveCfg = Debug|Any CPU
		{7D350D80-8D11-40DE-BC50-DC9FBF957864}.Debug|Any CPU.Build.0 = Debug|Any CPU
		{7D350D80-8D11-40DE-BC50-DC9FBF957864}.Debug|x64.ActiveCfg = Debug|Any CPU
		{7D350D80-8D11-40DE-BC50-DC9FBF957864}.Debug|x64.Build.0 = Debug|Any CPU
		{7D350D80-8D11-40DE-BC50-DC9FBF957864}.Debug|x86.ActiveCfg = Debug|Any CPU
		{7D350D80-8D11-40DE-BC50-DC9FBF957864}.Debug|x86.Build.0 = Debug|Any CPU
		{7D350D80-8D11-40DE-BC50-DC9FBF957864}.Release|Any CPU.ActiveCfg = Release|Any CPU
		{7D350D80-8D11-40DE-BC50-DC9FBF957864}.Release|Any CPU.Build.0 = Release|Any CPU
		{7D350D80-8D11-40DE-BC50-DC9FBF957864}.Release|x64.ActiveCfg = Release|Any CPU
		{7D350D80-8D11-40DE-BC50-DC9FBF957864}.Release|x64.Build.0 = Release|Any CPU
		{7D350D80-8D11-40DE-BC50-DC9FBF957864}.Release|x86.ActiveCfg = Release|Any CPU
		{7D350D80-8D11-40DE-BC50-DC9FBF957864}.Release|x86.Build.0 = Release|Any CPU
		{60577FA6-92F4-434D-98B2-CDECABE2A750}.Debug|Any CPU.ActiveCfg = Debug|Any CPU
		{60577FA6-92F4-434D-98B2-CDECABE2A750}.Debug|Any CPU.Build.0 = Debug|Any CPU
		{60577FA6-92F4-434D-98B2-CDECABE2A750}.Debug|x64.ActiveCfg = Debug|Any CPU
		{60577FA6-92F4-434D-98B2-CDECABE2A750}.Debug|x64.Build.0 = Debug|Any CPU
		{60577FA6-92F4-434D-98B2-CDECABE2A750}.Debug|x86.ActiveCfg = Debug|Any CPU
		{60577FA6-92F4-434D-98B2-CDECABE2A750}.Debug|x86.Build.0 = Debug|Any CPU
		{60577FA6-92F4-434D-98B2-CDECABE2A750}.Release|Any CPU.ActiveCfg = Release|Any CPU
		{60577FA6-92F4-434D-98B2-CDECABE2A750}.Release|Any CPU.Build.0 = Release|Any CPU
		{60577FA6-92F4-434D-98B2-CDECABE2A750}.Release|x64.ActiveCfg = Release|Any CPU
		{60577FA6-92F4-434D-98B2-CDECABE2A750}.Release|x64.Build.0 = Release|Any CPU
		{60577FA6-92F4-434D-98B2-CDECABE2A750}.Release|x86.ActiveCfg = Release|Any CPU
		{60577FA6-92F4-434D-98B2-CDECABE2A750}.Release|x86.Build.0 = Release|Any CPU
		{23F412EE-C47B-4E57-8631-99D169DA8CA0}.Debug|Any CPU.ActiveCfg = Debug|Any CPU
		{23F412EE-C47B-4E57-8631-99D169DA8CA0}.Debug|Any CPU.Build.0 = Debug|Any CPU
		{23F412EE-C47B-4E57-8631-99D169DA8CA0}.Debug|x64.ActiveCfg = Debug|Any CPU
		{23F412EE-C47B-4E57-8631-99D169DA8CA0}.Debug|x64.Build.0 = Debug|Any CPU
		{23F412EE-C47B-4E57-8631-99D169DA8CA0}.Debug|x86.ActiveCfg = Debug|Any CPU
		{23F412EE-C47B-4E57-8631-99D169DA8CA0}.Debug|x86.Build.0 = Debug|Any CPU
		{23F412EE-C47B-4E57-8631-99D169DA8CA0}.Release|Any CPU.ActiveCfg = Release|Any CPU
		{23F412EE-C47B-4E57-8631-99D169DA8CA0}.Release|Any CPU.Build.0 = Release|Any CPU
		{23F412EE-C47B-4E57-8631-99D169DA8CA0}.Release|x64.ActiveCfg = Release|Any CPU
		{23F412EE-C47B-4E57-8631-99D169DA8CA0}.Release|x64.Build.0 = Release|Any CPU
		{23F412EE-C47B-4E57-8631-99D169DA8CA0}.Release|x86.ActiveCfg = Release|Any CPU
		{23F412EE-C47B-4E57-8631-99D169DA8CA0}.Release|x86.Build.0 = Release|Any CPU
		{24435E78-03F3-4AA9-B74E-BE998FF1DDD8}.Debug|Any CPU.ActiveCfg = Debug|Any CPU
		{24435E78-03F3-4AA9-B74E-BE998FF1DDD8}.Debug|Any CPU.Build.0 = Debug|Any CPU
		{24435E78-03F3-4AA9-B74E-BE998FF1DDD8}.Debug|x64.ActiveCfg = Debug|Any CPU
		{24435E78-03F3-4AA9-B74E-BE998FF1DDD8}.Debug|x64.Build.0 = Debug|Any CPU
		{24435E78-03F3-4AA9-B74E-BE998FF1DDD8}.Debug|x86.ActiveCfg = Debug|Any CPU
		{24435E78-03F3-4AA9-B74E-BE998FF1DDD8}.Debug|x86.Build.0 = Debug|Any CPU
		{24435E78-03F3-4AA9-B74E-BE998FF1DDD8}.Release|Any CPU.ActiveCfg = Release|Any CPU
		{24435E78-03F3-4AA9-B74E-BE998FF1DDD8}.Release|Any CPU.Build.0 = Release|Any CPU
		{24435E78-03F3-4AA9-B74E-BE998FF1DDD8}.Release|x64.ActiveCfg = Release|Any CPU
		{24435E78-03F3-4AA9-B74E-BE998FF1DDD8}.Release|x64.Build.0 = Release|Any CPU
		{24435E78-03F3-4AA9-B74E-BE998FF1DDD8}.Release|x86.ActiveCfg = Release|Any CPU
		{24435E78-03F3-4AA9-B74E-BE998FF1DDD8}.Release|x86.Build.0 = Release|Any CPU
	EndGlobalSection
EndGlobal
